
Microsoft Visual Studio Solution File, Format Version 12.00
# Visual Studio 15
VisualStudioVersion = 15.0.27004.2002
MinimumVisualStudioVersion = 10.0.40219.1
Project("{FAE04EC0-301F-11D3-BF4B-00C04F79EFBC}") = "SalaDeReunioes", "SalaDeReunioes\SalaDeReunioes.csproj", "{69E29C6B-5A7E-4796-8FEA-F2F7D3EBA3ED}"
EndProject
Global
	GlobalSection(SolutionConfigurationPlatforms) = preSolution
		Debug|Any CPU = Debug|Any CPU
		Release|Any CPU = Release|Any CPU
	EndGlobalSection
	GlobalSection(ProjectConfigurationPlatforms) = postSolution
		{69E29C6B-5A7E-4796-8FEA-F2F7D3EBA3ED}.Debug|Any CPU.ActiveCfg = Debug|Any CPU
		{69E29C6B-5A7E-4796-8FEA-F2F7D3EBA3ED}.Debug|Any CPU.Build.0 = Debug|Any CPU
		{69E29C6B-5A7E-4796-8FEA-F2F7D3EBA3ED}.Release|Any CPU.ActiveCfg = Release|Any CPU
		{69E29C6B-5A7E-4796-8FEA-F2F7D3EBA3ED}.Release|Any CPU.Build.0 = Release|Any CPU
	EndGlobalSection
	GlobalSection(SolutionProperties) = preSolution
		HideSolutionNode = FALSE
	EndGlobalSection
	GlobalSection(ExtensibilityGlobals) = postSolution
		SolutionGuid = {28F50768-D191-4813-B193-EBD4F883C9F6}
	EndGlobalSection
EndGlobal
